
Microsoft Visual Studio Solution File, Format Version 12.00
# Visual Studio Version 17
VisualStudioVersion = 17.14.36915.13 d17.14
MinimumVisualStudioVersion = 10.0.40219.1
Project("{FAE04EC0-301F-11D3-BF4B-00C04F79EFBC}") = "P01_HospitalDatabase", "P01_HospitalDatabase\P01_HospitalDatabase.csproj", "{D35C8C71-6C74-4A82-BC55-450660195E19}"
EndProject
Project("{FAE04EC0-301F-11D3-BF4B-00C04F79EFBC}") = "P01_HospitalDatabase.Data", "P01_HospitalDatabase.Data\P01_HospitalDatabase.Data.csproj", "{7F239C98-8709-4E71-9801-3D171DD3F3A3}"
EndProject
Project("{FAE04EC0-301F-11D3-BF4B-00C04F79EFBC}") = "P01_HospitalDatabase.Data.Models", "P01_HospitalDatabase.Data.Models\P01_HospitalDatabase.Data.Models.csproj", "{1B81A44B-988E-488F-8D4A-71F9F9663775}"
EndProject
Global
	GlobalSection(SolutionConfigurationPlatforms) = preSolution
		Debug|Any CPU = Debug|Any CPU
		Release|Any CPU = Release|Any CPU
	EndGlobalSection
	GlobalSection(ProjectConfigurationPlatforms) = postSolution
		{D35C8C71-6C74-4A82-BC55-450660195E19}.Debug|Any CPU.ActiveCfg = Debug|Any CPU
		{D35C8C71-6C74-4A82-BC55-450660195E19}.Debug|Any CPU.Build.0 = Debug|Any CPU
		{D35C8C71-6C74-4A82-BC55-450660195E19}.Release|Any CPU.ActiveCfg = Release|Any CPU
		{D35C8C71-6C74-4A82-BC55-450660195E19}.Release|Any CPU.Build.0 = Release|Any CPU
		{7F239C98-8709-4E71-9801-3D171DD3F3A3}.Debug|Any CPU.ActiveCfg = Debug|Any CPU
		{7F239C98-8709-4E71-9801-3D171DD3F3A3}.Debug|Any CPU.Build.0 = Debug|Any CPU
		{7F239C98-8709-4E71-9801-3D171DD3F3A3}.Release|Any CPU.ActiveCfg = Release|Any CPU
		{7F239C98-8709-4E71-9801-3D171DD3F3A3}.Release|Any CPU.Build.0 = Release|Any CPU
		{1B81A44B-988E-488F-8D4A-71F9F9663775}.Debug|Any CPU.ActiveCfg = Debug|Any CPU
		{1B81A44B-988E-488F-8D4A-71F9F9663775}.Debug|Any CPU.Build.0 = Debug|Any CPU
		{1B81A44B-988E-488F-8D4A-71F9F9663775}.Release|Any CPU.ActiveCfg = Release|Any CPU
		{1B81A44B-988E-488F-8D4A-71F9F9663775}.Release|Any CPU.Build.0 = Release|Any CPU
	EndGlobalSection
	GlobalSection(SolutionProperties) = preSolution
		HideSolutionNode = FALSE
	EndGlobalSection
	GlobalSection(ExtensibilityGlobals) = postSolution
		SolutionGuid = {295B2A20-8C8D-4725-A076-89DF0ACE0914}
	EndGlobalSection
EndGlobal
